
Microsoft Visual Studio Solution File, Format Version 12.00
# Visual Studio 15
Project("{FAE04EC0-301F-11D3-BF4B-00C04F79EFBC}") = "RimLog", "RimLog.csproj", "{7A2AFCE7-5B32-4BBB-8BFC-3B1D0C80215D}"
EndProject
Global
	GlobalSection(SolutionConfigurationPlatforms) = preSolution
		Debug|Any CPU = Debug|Any CPU
		Release|Any CPU = Release|Any CPU
	EndGlobalSection
	GlobalSection(ProjectConfigurationPlatforms) = postSolution
		{7A2AFCE7-5B32-4BBB-8BFC-3B1D0C80215D}.Debug|Any CPU.ActiveCfg = Debug|Any CPU
		{7A2AFCE7-5B32-4BBB-8BFC-3B1D0C80215D}.Debug|Any CPU.Build.0 = Debug|Any CPU
		{7A2AFCE7-5B32-4BBB-8BFC-3B1D0C80215D}.Release|Any CPU.ActiveCfg = Release|Any CPU
		{7A2AFCE7-5B32-4BBB-8BFC-3B1D0C80215D}.Release|Any CPU.Build.0 = Release|Any CPU
	EndGlobalSection
EndGlobal
